format = 2
root = "runtime-trellis"

[[packages]]
name = "runtime-trellis"
version = "0.100.0"
digest = "Nkw8tuiNpq5MHU0c28sz1gILAHz3mJeE7pKYx7ne26o"
distribution-digest = "sha256:3987adff3c21b90d94aa43bd68a667b5cd7e0718a074f96dc985190d671d61bf"

[[packages.dependencies]]
name = "trellis"
version = "0.100.0"
digest = "FIfITf-vFPslylGf2SK52-UqFgQ__1a7rIZOL2tlhjc"

[packages.source]
kind = "path"
path = "."

[[packages]]
name = "trellis"
version = "0.100.0"
digest = "FIfITf-vFPslylGf2SK52-UqFgQ__1a7rIZOL2tlhjc"
distribution-digest = "sha256:f7a745b51b36a1cd16d262a52dcf33a7e74f30381bf05c513f8fedf2834a006e"
dependencies = []

[packages.source]
kind = "path"
path = "../../../crates/runtime"
