format = 2
root = "runtime-trellis"

[[packages]]
name = "runtime-trellis"
version = "0.100.0"
digest = "6_cLokhqGiLLJP_R5KHkmzKi418VcwoBXPpokjGteBg"
distribution-digest = "sha256:b7aa1476425342e3fb47e2ac9862216f8942d37728552768d0125970cd1fe213"

[[packages.dependencies]]
name = "trellis"
version = "0.100.0"
digest = "JiXmBn7sIt0wGALg2SJqFXuaCnlJo-qomcQ7g0bR7EU"

[packages.source]
kind = "path"
path = "."

[[packages]]
name = "trellis"
version = "0.100.0"
digest = "JiXmBn7sIt0wGALg2SJqFXuaCnlJo-qomcQ7g0bR7EU"
distribution-digest = "sha256:c34215c4a868c117d74a6938dfa941cf75cf3943be8d6b49b551d120117d5d33"
dependencies = []

[packages.source]
kind = "path"
path = "../../../crates/runtime"
