format = 2
root = "trellis-test-generated"

[[packages]]
name = "trellis"
version = "0.100.0"
digest = "olfZWlhfujeEP1Au7d1504OBs7YyE-qvox6U3Xi1xpo"
distribution-digest = "sha256:d3d4b4d6b36f936958e08b9563f5c1f17946f671e4b432c67bb16b8693d51074"
dependencies = []

[packages.source]
kind = "path"
path = "./../../../crates/runtime"

[[packages]]
name = "trellis-test-generated"
version = "0.100.0"
digest = "7vkx2GAj4fq2tEyumCZWpBSLJzVy2SvfCm-URclancQ"
distribution-digest = "sha256:5bbe00a84b85dd07343885cea2a37aedb414ebc3b7c91ffe0da8ba81478d636a"

[[packages.dependencies]]
name = "trellis"
version = "0.100.0"
digest = "olfZWlhfujeEP1Au7d1504OBs7YyE-qvox6U3Xi1xpo"

[packages.source]
kind = "path"
path = "."
