format = 2
root = "trellis-test-generated"

[[packages]]
name = "trellis"
version = "0.100.0"
digest = "Q2Vkfaox2ZOiOWcZqOZaPtkGclhepq1OmqKyEspmS28"
distribution-digest = "sha256:c3e06f9b2362a90c0c86cefac211b7063d4424872ee03d277c2e86648de61b9a"
dependencies = []

[packages.source]
kind = "path"
path = "../../../crates/runtime"

[[packages]]
name = "trellis-test-generated"
version = "0.100.0"
digest = "Swuh_KcDOwswevtM0tUSb4d2WtXSIkcftWCtReS4kiE"
distribution-digest = "sha256:3fd38eb35c83088a877b5e3319087359baa4caa627935b59f6c4935ff04942d1"

[[packages.dependencies]]
name = "trellis"
version = "0.100.0"
digest = "Q2Vkfaox2ZOiOWcZqOZaPtkGclhepq1OmqKyEspmS28"

[packages.source]
kind = "path"
path = "."
