format = 2
root = "trellis-test-generated"

[[packages]]
name = "trellis"
version = "0.100.0"
digest = "JiXmBn7sIt0wGALg2SJqFXuaCnlJo-qomcQ7g0bR7EU"
distribution-digest = "sha256:c34215c4a868c117d74a6938dfa941cf75cf3943be8d6b49b551d120117d5d33"
dependencies = []

[packages.source]
kind = "path"
path = "./../../../crates/runtime"

[[packages]]
name = "trellis-test-generated"
version = "0.100.0"
digest = "QPutfQUvQ2bXigsI9W8hFgSKq3qF7eZc1Bh5mIU8Tt0"
distribution-digest = "sha256:5feb3ada5ee547136f01399040fde077ab5aff92f066e4c18cb7855eb7b6e882"

[[packages.dependencies]]
name = "trellis"
version = "0.100.0"
digest = "JiXmBn7sIt0wGALg2SJqFXuaCnlJo-qomcQ7g0bR7EU"

[packages.source]
kind = "path"
path = "."
