format = 2
root = "trellis-test-generated"

[[packages]]
name = "trellis"
version = "0.100.0"
digest = "EgtDR0WlW5gNKDWjMf_8yWKo_ibIn1M6Jqah538C5Lc"
distribution-digest = "sha256:fbc1f843392b3dbfbbcf564e78721f4e0454349dd86a5a6b55704a51a8f466ac"
dependencies = []

[packages.source]
kind = "path"
path = "../../../crates/runtime"

[[packages]]
name = "trellis-test-generated"
version = "0.100.0"
digest = "mJUHFAkOAzCRWSj48JnXZp7CB9zHb7F9KMJ0mgERcew"
distribution-digest = "sha256:cceb21325f8b24da71358409af07a126ccad8ee80811e15738706748dabedd49"

[[packages.dependencies]]
name = "trellis"
version = "0.100.0"
digest = "EgtDR0WlW5gNKDWjMf_8yWKo_ibIn1M6Jqah538C5Lc"

[packages.source]
kind = "path"
path = "."
