format = 2
root = "client-upgrade-fixture"

[[packages]]
name = "client-upgrade-fixture"
version = "0.100.0"
digest = "WAWYWUTi-1qfarOvgiLk3eW6Zgts03kAPpK65H01038"
distribution-digest = "sha256:b5d8b5380f49c36c7c6c5289804950a92a924e9406095e6aaefe5f344a238f06"

[[packages.dependencies]]
name = "trellis"
version = "0.100.0"
digest = "a_pFEYepVmOA6L9CJ6RKZO0ghmdPKYC6TufyVHjZS2s"

[packages.source]
kind = "path"
path = "."

[[packages]]
name = "trellis"
version = "0.100.0"
digest = "a_pFEYepVmOA6L9CJ6RKZO0ghmdPKYC6TufyVHjZS2s"
distribution-digest = "sha256:735ef222b7156be6bb33b2934aefe5338207fa23513da1a24cb5792eb502b667"
dependencies = []

[packages.source]
kind = "path"
path = "../../../crates/runtime"
