format = 2
root = "client-upgrade-fixture"

[[packages]]
name = "client-upgrade-fixture"
version = "0.100.0"
digest = "6Z39hGOtvdhysqIXxcfvHfIToupyY5uH2OI83hAh01c"
distribution-digest = "sha256:a09debbc27bbb80952a50ccc46d8640e1014559c106bcd0f336be85e3eeb9a63"

[[packages.dependencies]]
name = "trellis"
version = "0.100.0"
digest = "UcHwJZDa0LEDo7Z58V886AV_-4DN5QkSjRHHox-A7IM"

[packages.source]
kind = "path"
path = "."

[[packages]]
name = "trellis"
version = "0.100.0"
digest = "UcHwJZDa0LEDo7Z58V886AV_-4DN5QkSjRHHox-A7IM"
distribution-digest = "sha256:c19948ab942ce0ad31dd96f201c584815b4dff4c61a7264a9d76f3e9db62bfd9"
dependencies = []

[packages.source]
kind = "path"
path = "../../../crates/runtime"
