format = 2
root = "client-upgrade-fixture"

[[packages]]
name = "client-upgrade-fixture"
version = "0.100.0"
digest = "ZJNft6FP4we_DGf9Mmx8YD_cdmsGdGBqj_ZC9HY3VLk"
distribution-digest = "sha256:52e84d8a4789380ad82880b99ab20ea30cdf66149347dfe4aad561190d6158d9"

[[packages.dependencies]]
name = "trellis"
version = "0.100.0"
digest = "FIfITf-vFPslylGf2SK52-UqFgQ__1a7rIZOL2tlhjc"

[packages.source]
kind = "path"
path = "."

[[packages]]
name = "trellis"
version = "0.100.0"
digest = "FIfITf-vFPslylGf2SK52-UqFgQ__1a7rIZOL2tlhjc"
distribution-digest = "sha256:f7a745b51b36a1cd16d262a52dcf33a7e74f30381bf05c513f8fedf2834a006e"
dependencies = []

[packages.source]
kind = "path"
path = "../../../crates/runtime"
