format = 2
root = "runtime-trellis"

[[packages]]
name = "runtime-trellis"
version = "0.100.0"
digest = "_zGIukovy9VcXznkCp7zgmoej19INFcM-aIiGbKBZwA"
distribution-digest = "sha256:4ff36b8ee87a1e1029b56826211c4d65601ee5a578c3318023b411721ea2d863"

[[packages.dependencies]]
name = "trellis"
version = "0.100.0"
digest = "351HnUzHKb3mL9ywXi0iiawhcYstruqKuwBW0-c1kUY"

[packages.source]
kind = "path"
path = "."

[[packages]]
name = "trellis"
version = "0.100.0"
digest = "351HnUzHKb3mL9ywXi0iiawhcYstruqKuwBW0-c1kUY"
distribution-digest = "sha256:d0026568c202b5d0fd49f5d50250308d89c87398fdf62b9bdaa3a4ca3e047ed2"
dependencies = []

[packages.source]
kind = "path"
path = "./../../../crates/runtime"
