format = 2
root = "runtime-trellis"

[[packages]]
name = "runtime-trellis"
version = "0.100.0"
digest = "RCBn3OGYZ_BFo5XhgGKZf5W4dJu8IQUmzYtfgzx4zg4"
distribution-digest = "sha256:2d8dddc7fd5314f47c0a23ee605a0e95a39527865d0a2b5bffe9160895b0442f"

[[packages.dependencies]]
name = "trellis"
version = "0.100.0"
digest = "UcHwJZDa0LEDo7Z58V886AV_-4DN5QkSjRHHox-A7IM"

[packages.source]
kind = "path"
path = "."

[[packages]]
name = "trellis"
version = "0.100.0"
digest = "UcHwJZDa0LEDo7Z58V886AV_-4DN5QkSjRHHox-A7IM"
distribution-digest = "sha256:c19948ab942ce0ad31dd96f201c584815b4dff4c61a7264a9d76f3e9db62bfd9"
dependencies = []

[packages.source]
kind = "path"
path = "../../../crates/runtime"
