format = 2
root = "client-upgrade-fixture"

[[packages]]
name = "client-upgrade-fixture"
version = "0.100.0"
digest = "J6kI7SqnIprhcqmNBUbyM4EmWGNgZM0QvPMxASKlGpY"
distribution-digest = "sha256:4897e4dafb05e30f3fe7131d6bf6b0e7c4f3c13ae913f208954e74f17d039459"

[[packages.dependencies]]
name = "trellis"
version = "0.100.0"
digest = "a_pFEYepVmOA6L9CJ6RKZO0ghmdPKYC6TufyVHjZS2s"

[packages.source]
kind = "path"
path = "."

[[packages]]
name = "trellis"
version = "0.100.0"
digest = "a_pFEYepVmOA6L9CJ6RKZO0ghmdPKYC6TufyVHjZS2s"
distribution-digest = "sha256:735ef222b7156be6bb33b2934aefe5338207fa23513da1a24cb5792eb502b667"
dependencies = []

[packages.source]
kind = "path"
path = "../../../crates/runtime"
