format = 2
root = "client-upgrade-fixture"

[[packages]]
name = "client-upgrade-fixture"
version = "0.100.0"
digest = "pppviLQpCQAnzpHVJALtqTdsCinu5kTIwYuTNz-ZR64"
distribution-digest = "sha256:0c5ed9fb3dee81e561dc805329b432237ec77ef01efc6fe0bafd46b8f07746b8"

[[packages.dependencies]]
name = "trellis"
version = "0.100.0"
digest = "JiXmBn7sIt0wGALg2SJqFXuaCnlJo-qomcQ7g0bR7EU"

[packages.source]
kind = "path"
path = "."

[[packages]]
name = "trellis"
version = "0.100.0"
digest = "JiXmBn7sIt0wGALg2SJqFXuaCnlJo-qomcQ7g0bR7EU"
distribution-digest = "sha256:c34215c4a868c117d74a6938dfa941cf75cf3943be8d6b49b551d120117d5d33"
dependencies = []

[packages.source]
kind = "path"
path = "../../../crates/runtime"
