format = 2
root = "client-upgrade-fixture"

[[packages]]
name = "client-upgrade-fixture"
version = "0.100.0"
digest = "SsfcMzFP_vbz623mz3-q8w9PlrSwwO3HYk6gATjKru4"
distribution-digest = "sha256:e8687d5bd3244b906173085330d5e3a3ac11cdd02d17ff009c680c0fd4cc3b03"

[[packages.dependencies]]
name = "trellis"
version = "0.100.0"
digest = "FIfITf-vFPslylGf2SK52-UqFgQ__1a7rIZOL2tlhjc"

[packages.source]
kind = "path"
path = "."

[[packages]]
name = "trellis"
version = "0.100.0"
digest = "FIfITf-vFPslylGf2SK52-UqFgQ__1a7rIZOL2tlhjc"
distribution-digest = "sha256:f7a745b51b36a1cd16d262a52dcf33a7e74f30381bf05c513f8fedf2834a006e"
dependencies = []

[packages.source]
kind = "path"
path = "../../../crates/runtime"
