format = 2
root = "client-upgrade-fixture"

[[packages]]
name = "client-upgrade-fixture"
version = "0.100.0"
digest = "HT1iLx6ftdy_ZNPs7CM9Vn0pwtTa_h4utcNv8hJ3uWY"
distribution-digest = "sha256:b9b4f9e349cd5d04d793e6ef602fc578b56a0fb05218a5a54deb94386229e07c"

[[packages.dependencies]]
name = "trellis"
version = "0.100.0"
digest = "a_pFEYepVmOA6L9CJ6RKZO0ghmdPKYC6TufyVHjZS2s"

[packages.source]
kind = "path"
path = "."

[[packages]]
name = "trellis"
version = "0.100.0"
digest = "a_pFEYepVmOA6L9CJ6RKZO0ghmdPKYC6TufyVHjZS2s"
distribution-digest = "sha256:735ef222b7156be6bb33b2934aefe5338207fa23513da1a24cb5792eb502b667"
dependencies = []

[packages.source]
kind = "path"
path = "../../../crates/runtime"
