format = 2
root = "trellis-test-fixture"

[[packages]]
name = "trellis"
version = "0.100.0"
digest = "JiXmBn7sIt0wGALg2SJqFXuaCnlJo-qomcQ7g0bR7EU"
distribution-digest = "sha256:c34215c4a868c117d74a6938dfa941cf75cf3943be8d6b49b551d120117d5d33"
dependencies = []

[packages.source]
kind = "path"
path = "../../../crates/runtime"

[[packages]]
name = "trellis-test-fixture"
version = "0.100.0"
digest = "d3CzASgBL6i9OtBntLWsNOwTd_8M2pQjo_qHlpcavec"
distribution-digest = "sha256:dbfd4747ad9232266abdcd50f59404f324e02af658e043668ed50eca0c75435c"

[[packages.dependencies]]
name = "trellis"
version = "0.100.0"
digest = "JiXmBn7sIt0wGALg2SJqFXuaCnlJo-qomcQ7g0bR7EU"

[packages.source]
kind = "path"
path = "."
