format = 2
root = "trellis-test-fixture"

[[packages]]
name = "trellis"
version = "0.100.0"
digest = "a_pFEYepVmOA6L9CJ6RKZO0ghmdPKYC6TufyVHjZS2s"
distribution-digest = "sha256:735ef222b7156be6bb33b2934aefe5338207fa23513da1a24cb5792eb502b667"
dependencies = []

[packages.source]
kind = "path"
path = "../../../crates/runtime"

[[packages]]
name = "trellis-test-fixture"
version = "0.100.0"
digest = "js0fejPOI0HZSbz_pIR6iQ1kBeXjM_mqNAFdsynit50"
distribution-digest = "sha256:0fffafa7216f47e8022fa832feb36b754fc17991e6872dd77f318c2634670f02"

[[packages.dependencies]]
name = "trellis"
version = "0.100.0"
digest = "a_pFEYepVmOA6L9CJ6RKZO0ghmdPKYC6TufyVHjZS2s"

[packages.source]
kind = "path"
path = "."
