format = 2
root = "trellis-test-fixture"

[[packages]]
name = "trellis"
version = "0.100.0"
digest = "JiXmBn7sIt0wGALg2SJqFXuaCnlJo-qomcQ7g0bR7EU"
distribution-digest = "sha256:c34215c4a868c117d74a6938dfa941cf75cf3943be8d6b49b551d120117d5d33"
dependencies = []

[packages.source]
kind = "path"
path = "../../../crates/runtime"

[[packages]]
name = "trellis-test-fixture"
version = "0.100.0"
digest = "A0NoLO4lIYaJ-DQPbW6OcughXUIGu0HZ6oAXVyNCyNc"
distribution-digest = "sha256:e85b0458369eeaa540865c7bbbc342a9849cdfaa9ef5a72b6c7797a71c427145"

[[packages.dependencies]]
name = "trellis"
version = "0.100.0"
digest = "JiXmBn7sIt0wGALg2SJqFXuaCnlJo-qomcQ7g0bR7EU"

[packages.source]
kind = "path"
path = "."
