format = 2
root = "demo-app"

[[packages]]
name = "demo-app"
version = "1.0.0"
digest = "6YJgDKdiQle7zUSfuh850IP1R4dqGMx5pjA1vaevKcA"
distribution-digest = "sha256:8c6af92a4c0e7f9ae43d7689fe747c281fba5381fcdfdfb27dc3d027769aa36c"

[[packages.dependencies]]
name = "demo-service"
version = "1.0.0"
digest = "h93pFM7dgvvyY8coVUsB-eTJ5AT7kPtpE75h7pfU1s8"

[[packages.dependencies]]
name = "trellis"
version = "0.100.0"
digest = "FIfITf-vFPslylGf2SK52-UqFgQ__1a7rIZOL2tlhjc"

[packages.source]
kind = "path"
path = "."

[[packages]]
name = "demo-service"
version = "1.0.0"
digest = "h93pFM7dgvvyY8coVUsB-eTJ5AT7kPtpE75h7pfU1s8"
distribution-digest = "sha256:dd7863ff119c53efe0b5029873649c1914802bc047bc4d74b11a15aa86535d38"
dependencies = []

[packages.source]
kind = "path"
path = "../ts/service"

[[packages]]
name = "trellis"
version = "0.100.0"
digest = "FIfITf-vFPslylGf2SK52-UqFgQ__1a7rIZOL2tlhjc"
distribution-digest = "sha256:f7a745b51b36a1cd16d262a52dcf33a7e74f30381bf05c513f8fedf2834a006e"
dependencies = []

[packages.source]
kind = "path"
path = "../../crates/runtime"
