format = 2
root = "demo-app"

[[packages]]
name = "demo-app"
version = "1.0.0"
digest = "5Zm9_S4zTrFE__BiWmWvg2nximC0Q7bAVsYa0pjkCQA"
distribution-digest = "sha256:6f977fa469e2a1309ae592bd204df82426843f1cff632d4eb5b3c019c6321337"

[[packages.dependencies]]
name = "demo-service"
version = "1.0.0"
digest = "h93pFM7dgvvyY8coVUsB-eTJ5AT7kPtpE75h7pfU1s8"

[[packages.dependencies]]
name = "trellis"
version = "0.100.0"
digest = "UcHwJZDa0LEDo7Z58V886AV_-4DN5QkSjRHHox-A7IM"

[packages.source]
kind = "path"
path = "."

[[packages]]
name = "demo-service"
version = "1.0.0"
digest = "h93pFM7dgvvyY8coVUsB-eTJ5AT7kPtpE75h7pfU1s8"
distribution-digest = "sha256:dd7863ff119c53efe0b5029873649c1914802bc047bc4d74b11a15aa86535d38"
dependencies = []

[packages.source]
kind = "path"
path = "../ts/service"

[[packages]]
name = "trellis"
version = "0.100.0"
digest = "UcHwJZDa0LEDo7Z58V886AV_-4DN5QkSjRHHox-A7IM"
distribution-digest = "sha256:c19948ab942ce0ad31dd96f201c584815b4dff4c61a7264a9d76f3e9db62bfd9"
dependencies = []

[packages.source]
kind = "path"
path = "../../crates/runtime"
