format = 2
root = "demo-app"

[[packages]]
name = "demo-app"
version = "1.0.0"
digest = "YJazZGTZECQwr4tHXEmNzvflti0_McEklYDsoH63olU"
distribution-digest = "sha256:1a4b65905a0a1f0d520ed9e974187a4d45fb8297a05e98d707521aee77b978b6"

[[packages.dependencies]]
name = "demo-service"
version = "1.0.0"
digest = "h93pFM7dgvvyY8coVUsB-eTJ5AT7kPtpE75h7pfU1s8"

[[packages.dependencies]]
name = "trellis"
version = "0.100.0"
digest = "Q2Vkfaox2ZOiOWcZqOZaPtkGclhepq1OmqKyEspmS28"

[packages.source]
kind = "path"
path = "."

[[packages]]
name = "demo-service"
version = "1.0.0"
digest = "h93pFM7dgvvyY8coVUsB-eTJ5AT7kPtpE75h7pfU1s8"
distribution-digest = "sha256:dd7863ff119c53efe0b5029873649c1914802bc047bc4d74b11a15aa86535d38"
dependencies = []

[packages.source]
kind = "path"
path = "../ts/service"

[[packages]]
name = "trellis"
version = "0.100.0"
digest = "Q2Vkfaox2ZOiOWcZqOZaPtkGclhepq1OmqKyEspmS28"
distribution-digest = "sha256:c3e06f9b2362a90c0c86cefac211b7063d4424872ee03d277c2e86648de61b9a"
dependencies = []

[packages.source]
kind = "path"
path = "../../crates/runtime"
