format = 2
root = "demo-device"

[[packages]]
name = "demo-device"
version = "1.0.0"
digest = "hkdoNn1kjm0ZxVNit7mRoyTeboIEL6ElBeu-BCEjKxM"
distribution-digest = "sha256:df116b1243efce180936447bd9d504676b546e75170b296ca3d159389f4a6fe7"

[[packages.dependencies]]
name = "demo-service"
version = "1.0.0"
digest = "h93pFM7dgvvyY8coVUsB-eTJ5AT7kPtpE75h7pfU1s8"

[[packages.dependencies]]
name = "trellis"
version = "0.100.0"
digest = "Q2Vkfaox2ZOiOWcZqOZaPtkGclhepq1OmqKyEspmS28"

[packages.source]
kind = "path"
path = "."

[[packages]]
name = "demo-service"
version = "1.0.0"
digest = "h93pFM7dgvvyY8coVUsB-eTJ5AT7kPtpE75h7pfU1s8"
distribution-digest = "sha256:dd7863ff119c53efe0b5029873649c1914802bc047bc4d74b11a15aa86535d38"
dependencies = []

[packages.source]
kind = "path"
path = "../service"

[[packages]]
name = "trellis"
version = "0.100.0"
digest = "Q2Vkfaox2ZOiOWcZqOZaPtkGclhepq1OmqKyEspmS28"
distribution-digest = "sha256:c3e06f9b2362a90c0c86cefac211b7063d4424872ee03d277c2e86648de61b9a"
dependencies = []

[packages.source]
kind = "path"
path = "../../../crates/runtime"
