format = 2
root = "demo-device"

[[packages]]
name = "demo-device"
version = "1.0.0"
digest = "3lvXIGv-1W-iRbDyRn9CFux7ib_vhUSexrPxdeBPOXg"
distribution-digest = "sha256:c73c599eb2a5862982154f01a3716eb75affae9fcb16026c96b8517d6e425708"

[[packages.dependencies]]
name = "demo-service"
version = "1.0.0"
digest = "h93pFM7dgvvyY8coVUsB-eTJ5AT7kPtpE75h7pfU1s8"

[[packages.dependencies]]
name = "trellis"
version = "0.100.0"
digest = "EgtDR0WlW5gNKDWjMf_8yWKo_ibIn1M6Jqah538C5Lc"

[packages.source]
kind = "path"
path = "."

[[packages]]
name = "demo-service"
version = "1.0.0"
digest = "h93pFM7dgvvyY8coVUsB-eTJ5AT7kPtpE75h7pfU1s8"
distribution-digest = "sha256:dd7863ff119c53efe0b5029873649c1914802bc047bc4d74b11a15aa86535d38"
dependencies = []

[packages.source]
kind = "path"
path = "../service"

[[packages]]
name = "trellis"
version = "0.100.0"
digest = "EgtDR0WlW5gNKDWjMf_8yWKo_ibIn1M6Jqah538C5Lc"
distribution-digest = "sha256:fbc1f843392b3dbfbbcf564e78721f4e0454349dd86a5a6b55704a51a8f466ac"
dependencies = []

[packages.source]
kind = "path"
path = "../../../crates/runtime"
