format = 2
root = "demo-rust-service"

[[packages]]
name = "demo-rust-service"
version = "1.0.0"
digest = "pXT6hyhXKQocO9Wj2J-RGYeWTBPk9OE7DAmTo27N0_Y"
distribution-digest = "sha256:a5d5221bd3de603b6a62f6e3ee0dde8192c2f8ada5e0270fafd5e4f350b411e9"

[[packages.dependencies]]
name = "demo-service"
version = "1.0.0"
digest = "k6mk7C_UspJ7NNfPrU5BLeGpFhA7SvO19Akhkr7Y1bU"

[packages.source]
kind = "path"
path = "."

[[packages]]
name = "demo-service"
version = "1.0.0"
digest = "k6mk7C_UspJ7NNfPrU5BLeGpFhA7SvO19Akhkr7Y1bU"
distribution-digest = "sha256:ac782ab573994d9e97557856dc998f80dac0ef71bbcb06594743a57774f2bb51"
dependencies = []

[packages.source]
kind = "path"
path = "../../ts/service"
