format = 2
root = "demo-rust-service"

[[packages]]
name = "demo-rust-service"
version = "1.0.0"
digest = "qxrQW1gDAGES-oNhec6OBqCCNxr77tHxcOOLh1LZYKc"
distribution-digest = "sha256:719508d84f182d9ae0ef68dbefec0d33f366fa571b334d53826449d87c489da2"

[[packages.dependencies]]
name = "demo-service"
version = "1.0.0"
digest = "h93pFM7dgvvyY8coVUsB-eTJ5AT7kPtpE75h7pfU1s8"

[packages.source]
kind = "path"
path = "."

[[packages]]
name = "demo-service"
version = "1.0.0"
digest = "h93pFM7dgvvyY8coVUsB-eTJ5AT7kPtpE75h7pfU1s8"
distribution-digest = "sha256:dd7863ff119c53efe0b5029873649c1914802bc047bc4d74b11a15aa86535d38"
dependencies = []

[packages.source]
kind = "path"
path = "./../../ts/service"
