format = 2
root = "demo-rust-service"

[[packages]]
name = "demo-rust-service"
version = "1.0.0"
digest = "qxrQW1gDAGES-oNhec6OBqCCNxr77tHxcOOLh1LZYKc"
distribution-digest = "sha256:88d7f0fe9c5630723d37ce589a15f497485112a6f7d629507df1c3ed10517803"

[[packages.dependencies]]
name = "demo-service"
version = "1.0.0"
digest = "h93pFM7dgvvyY8coVUsB-eTJ5AT7kPtpE75h7pfU1s8"

[packages.source]
kind = "path"
path = "."

[[packages]]
name = "demo-service"
version = "1.0.0"
digest = "h93pFM7dgvvyY8coVUsB-eTJ5AT7kPtpE75h7pfU1s8"
distribution-digest = "sha256:dd7863ff119c53efe0b5029873649c1914802bc047bc4d74b11a15aa86535d38"
dependencies = []

[packages.source]
kind = "path"
path = "../../ts/service"
