format = 2
root = "demo-service"

[[packages]]
name = "demo-service"
version = "1.0.0"
digest = "k6mk7C_UspJ7NNfPrU5BLeGpFhA7SvO19Akhkr7Y1bU"
distribution-digest = "sha256:ac782ab573994d9e97557856dc998f80dac0ef71bbcb06594743a57774f2bb51"
dependencies = []

[packages.source]
kind = "path"
path = "."
