format = 2
root = "performance-trellis"

[[packages]]
name = "performance-trellis"
version = "0.100.0"
digest = "Sq81Y9xpzHKIM5VmRzM-og1iqNxjkEhYQYfks2z2SNM"
distribution-digest = "sha256:c44c8458f150e47e5dc300a8f380379313b7102eece9c069174f4ebde3f013f0"

[[packages.dependencies]]
name = "trellis"
version = "0.100.0"
digest = "a_pFEYepVmOA6L9CJ6RKZO0ghmdPKYC6TufyVHjZS2s"

[packages.source]
kind = "path"
path = "."

[[packages]]
name = "trellis"
version = "0.100.0"
digest = "a_pFEYepVmOA6L9CJ6RKZO0ghmdPKYC6TufyVHjZS2s"
distribution-digest = "sha256:735ef222b7156be6bb33b2934aefe5338207fa23513da1a24cb5792eb502b667"
dependencies = []

[packages.source]
kind = "path"
path = "../../crates/runtime"
