format = 2
root = "performance-trellis"

[[packages]]
name = "performance-trellis"
version = "0.100.0"
digest = "xW2peT1zkY1AbFIthtIwV3wZFN8HB8brAAmEe_RBN-k"
distribution-digest = "sha256:0c1bab69a032521771dad1ec7a00b8f5807de9207e29a8e9e4308e955b2bf37d"

[[packages.dependencies]]
name = "trellis"
version = "0.100.0"
digest = "5opbdbI2qlmKFK_nNnO0lChCk3XR1hHFK_1FjdeUNSo"

[packages.source]
kind = "path"
path = "."

[[packages]]
name = "trellis"
version = "0.100.0"
digest = "5opbdbI2qlmKFK_nNnO0lChCk3XR1hHFK_1FjdeUNSo"
distribution-digest = "sha256:f54dfd7a16b79f6b49deaaa31814d896f2a7c7668bbf04bec386d6300c18987b"
dependencies = []

[packages.source]
kind = "path"
path = "../../crates/runtime"
