format = 2
root = "runtime-trellis"

[[packages]]
name = "runtime-trellis"
version = "0.100.0"
digest = "4cui_ZQqtEa3rUrayDKmAuzyYTOu93NMlsiVUzfysE4"
distribution-digest = "sha256:9c890e5fb946cc657e1bceb515062c027b7107324b417bf81b4ac7b5b97f4787"

[[packages.dependencies]]
name = "trellis"
version = "0.100.0"
digest = "5opbdbI2qlmKFK_nNnO0lChCk3XR1hHFK_1FjdeUNSo"

[packages.source]
kind = "path"
path = "."

[[packages]]
name = "trellis"
version = "0.100.0"
digest = "5opbdbI2qlmKFK_nNnO0lChCk3XR1hHFK_1FjdeUNSo"
distribution-digest = "sha256:f54dfd7a16b79f6b49deaaa31814d896f2a7c7668bbf04bec386d6300c18987b"
dependencies = []

[packages.source]
kind = "path"
path = "../../../crates/runtime"
