format = 2
root = "runtime-trellis"

[[packages]]
name = "runtime-trellis"
version = "0.100.0"
digest = "d9NYsWxofJitcMm1HYT4QfyWBVmYX1x9ZepBYe0sCfo"
distribution-digest = "sha256:d6dc899821d518e8d24f5ec4be59efb716bd39159c1e8f9aa4fa55ea6a9b272b"

[[packages.dependencies]]
name = "trellis"
version = "0.100.0"
digest = "a_pFEYepVmOA6L9CJ6RKZO0ghmdPKYC6TufyVHjZS2s"

[packages.source]
kind = "path"
path = "."

[[packages]]
name = "trellis"
version = "0.100.0"
digest = "a_pFEYepVmOA6L9CJ6RKZO0ghmdPKYC6TufyVHjZS2s"
distribution-digest = "sha256:735ef222b7156be6bb33b2934aefe5338207fa23513da1a24cb5792eb502b667"
dependencies = []

[packages.source]
kind = "path"
path = "../../../crates/runtime"
