format = 2
root = "runtime-trellis"

[[packages]]
name = "runtime-trellis"
version = "0.100.0"
digest = "66bvVC8x7gacsg7H7dwg5mjx2ksZC5I-qxrj1A4noVU"
distribution-digest = "sha256:b1f0ad9edb58337b3cd45f53b620e53236f4ea9792709f181a07a75b71e45fd2"

[[packages.dependencies]]
name = "trellis"
version = "0.100.0"
digest = "5opbdbI2qlmKFK_nNnO0lChCk3XR1hHFK_1FjdeUNSo"

[packages.source]
kind = "path"
path = "."

[[packages]]
name = "trellis"
version = "0.100.0"
digest = "5opbdbI2qlmKFK_nNnO0lChCk3XR1hHFK_1FjdeUNSo"
distribution-digest = "sha256:f54dfd7a16b79f6b49deaaa31814d896f2a7c7668bbf04bec386d6300c18987b"
dependencies = []

[packages.source]
kind = "path"
path = "../../../crates/runtime"
