format = 2
root = "demo-device"

[[packages]]
name = "demo-device"
version = "1.0.0"
digest = "NVVMyiaCeNoGuse0I2cW6m7EtCp5JgveN0PKXGgumbo"
distribution-digest = "sha256:6631f68a1ca5402636df009031d8fc6a636605e1433c2ae861c03d8c7d855254"

[[packages.dependencies]]
name = "demo-service"
version = "1.0.0"
digest = "k6mk7C_UspJ7NNfPrU5BLeGpFhA7SvO19Akhkr7Y1bU"

[[packages.dependencies]]
name = "trellis"
version = "0.100.0"
digest = "a_pFEYepVmOA6L9CJ6RKZO0ghmdPKYC6TufyVHjZS2s"

[packages.source]
kind = "path"
path = "."

[[packages]]
name = "demo-service"
version = "1.0.0"
digest = "k6mk7C_UspJ7NNfPrU5BLeGpFhA7SvO19Akhkr7Y1bU"
distribution-digest = "sha256:ac782ab573994d9e97557856dc998f80dac0ef71bbcb06594743a57774f2bb51"
dependencies = []

[packages.source]
kind = "path"
path = "../../ts/service"

[[packages]]
name = "trellis"
version = "0.100.0"
digest = "a_pFEYepVmOA6L9CJ6RKZO0ghmdPKYC6TufyVHjZS2s"
distribution-digest = "sha256:735ef222b7156be6bb33b2934aefe5338207fa23513da1a24cb5792eb502b667"
dependencies = []

[packages.source]
kind = "path"
path = "../../../crates/runtime"
