format = 2
root = "demo-device"

[[packages]]
name = "demo-device"
version = "1.0.0"
digest = "kGkkrMsV250rCHB9Q3m6v6iZ5kOTQK-id6FCPf_f9e4"
distribution-digest = "sha256:fb7c7caab856bd680d8f7f4c33bfc8dcfb8dd754489a7088ab3b0a61c6aa342f"

[[packages.dependencies]]
name = "demo-service"
version = "1.0.0"
digest = "h93pFM7dgvvyY8coVUsB-eTJ5AT7kPtpE75h7pfU1s8"

[[packages.dependencies]]
name = "trellis"
version = "0.100.0"
digest = "351HnUzHKb3mL9ywXi0iiawhcYstruqKuwBW0-c1kUY"

[packages.source]
kind = "path"
path = "."

[[packages]]
name = "demo-service"
version = "1.0.0"
digest = "h93pFM7dgvvyY8coVUsB-eTJ5AT7kPtpE75h7pfU1s8"
distribution-digest = "sha256:dd7863ff119c53efe0b5029873649c1914802bc047bc4d74b11a15aa86535d38"
dependencies = []

[packages.source]
kind = "path"
path = "./../../ts/service"

[[packages]]
name = "trellis"
version = "0.100.0"
digest = "351HnUzHKb3mL9ywXi0iiawhcYstruqKuwBW0-c1kUY"
distribution-digest = "sha256:d0026568c202b5d0fd49f5d50250308d89c87398fdf62b9bdaa3a4ca3e047ed2"
dependencies = []

[packages.source]
kind = "path"
path = "./../../../crates/runtime"
