format = 2
root = "demo-device"

[[packages]]
name = "demo-device"
version = "1.0.0"
digest = "RSIfTdPOMoLhIQoxrj5Rw440unN8ApBbPv2ouP4kkgQ"
distribution-digest = "sha256:a5d90900d9af6720570744a046bb81f77c1350291b36cf9821339230de6613b9"

[[packages.dependencies]]
name = "demo-service"
version = "1.0.0"
digest = "h93pFM7dgvvyY8coVUsB-eTJ5AT7kPtpE75h7pfU1s8"

[[packages.dependencies]]
name = "trellis"
version = "0.100.0"
digest = "FIfITf-vFPslylGf2SK52-UqFgQ__1a7rIZOL2tlhjc"

[packages.source]
kind = "path"
path = "."

[[packages]]
name = "demo-service"
version = "1.0.0"
digest = "h93pFM7dgvvyY8coVUsB-eTJ5AT7kPtpE75h7pfU1s8"
distribution-digest = "sha256:dd7863ff119c53efe0b5029873649c1914802bc047bc4d74b11a15aa86535d38"
dependencies = []

[packages.source]
kind = "path"
path = "../../ts/service"

[[packages]]
name = "trellis"
version = "0.100.0"
digest = "FIfITf-vFPslylGf2SK52-UqFgQ__1a7rIZOL2tlhjc"
distribution-digest = "sha256:f7a745b51b36a1cd16d262a52dcf33a7e74f30381bf05c513f8fedf2834a006e"
dependencies = []

[packages.source]
kind = "path"
path = "../../../crates/runtime"
