format = 2
root = "trellis-web-generated"

[[packages]]
name = "trellis"
version = "0.100.0"
digest = "Q2Vkfaox2ZOiOWcZqOZaPtkGclhepq1OmqKyEspmS28"
distribution-digest = "sha256:c3e06f9b2362a90c0c86cefac211b7063d4424872ee03d277c2e86648de61b9a"
dependencies = []

[packages.source]
kind = "path"
path = "../crates/runtime"

[[packages]]
name = "trellis-web-generated"
version = "0.100.0"
digest = "XYvAK5ZOspX2k9Iqx883z32VJngPYlxEtY9upPMzzcE"
distribution-digest = "sha256:f5b41b3651c2ca7773c807ae4bf8eb41180ee87156dd8e0d10f00475215a7f54"

[[packages.dependencies]]
name = "trellis"
version = "0.100.0"
digest = "Q2Vkfaox2ZOiOWcZqOZaPtkGclhepq1OmqKyEspmS28"

[packages.source]
kind = "path"
path = "."
