format = 2
root = "trellis-web-generated"

[[packages]]
name = "trellis"
version = "0.100.0"
digest = "a_pFEYepVmOA6L9CJ6RKZO0ghmdPKYC6TufyVHjZS2s"
distribution-digest = "sha256:735ef222b7156be6bb33b2934aefe5338207fa23513da1a24cb5792eb502b667"
dependencies = []

[packages.source]
kind = "path"
path = "../crates/runtime"

[[packages]]
name = "trellis-web-generated"
version = "0.100.0"
digest = "nkzhZ1NywqpmnNHiWXbTsqIUzR-SLNg4nl7arroiz0g"
distribution-digest = "sha256:0c4881bee853d01838c9a94f004a33078c190e857d72d0d64838086d05a9a5be"

[[packages.dependencies]]
name = "trellis"
version = "0.100.0"
digest = "a_pFEYepVmOA6L9CJ6RKZO0ghmdPKYC6TufyVHjZS2s"

[packages.source]
kind = "path"
path = "."
