format = 2
root = "trellis-web-generated"

[[packages]]
name = "trellis"
version = "0.12.0"
digest = "olfZWlhfujeEP1Au7d1504OBs7YyE-qvox6U3Xi1xpo"
distribution-digest = "sha256:f073c1bcd82f8a67dfdcfdd9b4435f2e48d0e7f9225dfa947408ade3d1fa12d7"
dependencies = []

[packages.source]
kind = "path"
path = "./../crates/runtime"

[[packages]]
name = "trellis-web-generated"
version = "0.12.0"
digest = "iUlbKtbo2ItFHzJKNuHvLZadiRrX56z554nHsiVn2Ig"
distribution-digest = "sha256:a073676798d0bcd6c6aba30395eb89b91de84de49ea3a23d59748266cbf48a9d"

[[packages.dependencies]]
name = "trellis"
version = "0.12.0"
digest = "olfZWlhfujeEP1Au7d1504OBs7YyE-qvox6U3Xi1xpo"

[packages.source]
kind = "path"
path = "."
